
Microsoft Visual Studio Solution File, Format Version 12.00
# Visual Studio Version 17
VisualStudioVersion = 17.11.35303.130
MinimumVisualStudioVersion = 10.0.40219.1
Project("{FAE04EC0-301F-11D3-BF4B-00C04F79EFBC}") = "EnableDisableCollision", "EnableDisableCollision\EnableDisableCollision.csproj", "{996EBE59-7EC1-49CD-BDB4-7F09D1F41378}"
EndProject
Global
	GlobalSection(SolutionConfigurationPlatforms) = preSolution
		Debug|Any CPU = Debug|Any CPU
		Release|Any CPU = Release|Any CPU
	EndGlobalSection
	GlobalSection(ProjectConfigurationPlatforms) = postSolution
		{996EBE59-7EC1-49CD-BDB4-7F09D1F41378}.Debug|Any CPU.ActiveCfg = Debug|Any CPU
		{996EBE59-7EC1-49CD-BDB4-7F09D1F41378}.Debug|Any CPU.Build.0 = Debug|Any CPU
		{996EBE59-7EC1-49CD-BDB4-7F09D1F41378}.Release|Any CPU.ActiveCfg = Release|Any CPU
		{996EBE59-7EC1-49CD-BDB4-7F09D1F41378}.Release|Any CPU.Build.0 = Release|Any CPU
	EndGlobalSection
	GlobalSection(SolutionProperties) = preSolution
		HideSolutionNode = FALSE
	EndGlobalSection
	GlobalSection(ExtensibilityGlobals) = postSolution
		SolutionGuid = {972582B9-BA72-492C-AC5E-A697D79958CF}
	EndGlobalSection
EndGlobal
